
Microsoft Visual Studio Solution File, Format Version 12.00
# Visual Studio Version 16
VisualStudioVersion = 16.0.30907.101
MinimumVisualStudioVersion = 10.0.40219.1
Project("{FAE04EC0-301F-11D3-BF4B-00C04F79EFBC}") = "MathDLLlab2", "MathDLLlab2.csproj", "{3467552C-AA84-41DC-9608-8E224608E2C1}"
EndProject
Project("{FAE04EC0-301F-11D3-BF4B-00C04F79EFBC}") = "UnitTest", "..\UnitTest\UnitTest.csproj", "{C4373577-35A5-4718-AF68-C78BDC74DD4A}"
EndProject
Global
	GlobalSection(SolutionConfigurationPlatforms) = preSolution
		Debug|Any CPU = Debug|Any CPU
		Release|Any CPU = Release|Any CPU
	EndGlobalSection
	GlobalSection(ProjectConfigurationPlatforms) = postSolution
		{3467552C-AA84-41DC-9608-8E224608E2C1}.Debug|Any CPU.ActiveCfg = Debug|Any CPU
		{3467552C-AA84-41DC-9608-8E224608E2C1}.Debug|Any CPU.Build.0 = Debug|Any CPU
		{3467552C-AA84-41DC-9608-8E224608E2C1}.Release|Any CPU.ActiveCfg = Release|Any CPU
		{3467552C-AA84-41DC-9608-8E224608E2C1}.Release|Any CPU.Build.0 = Release|Any CPU
		{C4373577-35A5-4718-AF68-C78BDC74DD4A}.Debug|Any CPU.ActiveCfg = Debug|Any CPU
		{C4373577-35A5-4718-AF68-C78BDC74DD4A}.Debug|Any CPU.Build.0 = Debug|Any CPU
		{C4373577-35A5-4718-AF68-C78BDC74DD4A}.Release|Any CPU.ActiveCfg = Release|Any CPU
		{C4373577-35A5-4718-AF68-C78BDC74DD4A}.Release|Any CPU.Build.0 = Release|Any CPU
	EndGlobalSection
	GlobalSection(SolutionProperties) = preSolution
		HideSolutionNode = FALSE
	EndGlobalSection
	GlobalSection(ExtensibilityGlobals) = postSolution
		SolutionGuid = {1C25B9D7-E476-4F4A-9D92-5B518E00F7EB}
	EndGlobalSection
EndGlobal
